
Microsoft Visual Studio Solution File, Format Version 12.00
# Visual Studio Version 16
VisualStudioVersion = 16.0.30320.27
MinimumVisualStudioVersion = 10.0.40219.1
Project("{FAE04EC0-301F-11D3-BF4B-00C04F79EFBC}") = "GOL_EM_14", "GOL_EM_14.csproj", "{0A5E5500-8ED3-401D-A82B-3A45304B0BED}"
EndProject
Global
	GlobalSection(SolutionConfigurationPlatforms) = preSolution
		Debug|Any CPU = Debug|Any CPU
		Release|Any CPU = Release|Any CPU
	EndGlobalSection
	GlobalSection(ProjectConfigurationPlatforms) = postSolution
		{0A5E5500-8ED3-401D-A82B-3A45304B0BED}.Debug|Any CPU.ActiveCfg = Debug|Any CPU
		{0A5E5500-8ED3-401D-A82B-3A45304B0BED}.Debug|Any CPU.Build.0 = Debug|Any CPU
		{0A5E5500-8ED3-401D-A82B-3A45304B0BED}.Release|Any CPU.ActiveCfg = Release|Any CPU
		{0A5E5500-8ED3-401D-A82B-3A45304B0BED}.Release|Any CPU.Build.0 = Release|Any CPU
	EndGlobalSection
	GlobalSection(SolutionProperties) = preSolution
		HideSolutionNode = FALSE
	EndGlobalSection
	GlobalSection(ExtensibilityGlobals) = postSolution
		SolutionGuid = {E670DF0E-D781-43AA-AEB5-109E4E951E9B}
	EndGlobalSection
EndGlobal
